
Microsoft Visual Studio Solution File, Format Version 12.00
# Visual Studio Version 17
VisualStudioVersion = 17.4.33205.214
MinimumVisualStudioVersion = 10.0.40219.1
Project("{FAE04EC0-301F-11D3-BF4B-00C04F79EFBC}") = "MediatR.Latching", "MediatR.Latching\MediatR.Latching.csproj", "{AEE2E381-C7B4-4AE8-9291-31D5AE7A27F5}"
EndProject
Project("{FAE04EC0-301F-11D3-BF4B-00C04F79EFBC}") = "MediatR.Latching.Tests", "MediatR.Latching.Tests\MediatR.Latching.Tests.csproj", "{A2A26F46-841D-4B70-AC95-A48BE42CC975}"
EndProject
Global
	GlobalSection(SolutionConfigurationPlatforms) = preSolution
		Debug|Any CPU = Debug|Any CPU
		Release|Any CPU = Release|Any CPU
	EndGlobalSection
	GlobalSection(ProjectConfigurationPlatforms) = postSolution
		{AEE2E381-C7B4-4AE8-9291-31D5AE7A27F5}.Debug|Any CPU.ActiveCfg = Debug|Any CPU
		{AEE2E381-C7B4-4AE8-9291-31D5AE7A27F5}.Debug|Any CPU.Build.0 = Debug|Any CPU
		{AEE2E381-C7B4-4AE8-9291-31D5AE7A27F5}.Release|Any CPU.ActiveCfg = Release|Any CPU
		{AEE2E381-C7B4-4AE8-9291-31D5AE7A27F5}.Release|Any CPU.Build.0 = Release|Any CPU
		{A2A26F46-841D-4B70-AC95-A48BE42CC975}.Debug|Any CPU.ActiveCfg = Debug|Any CPU
		{A2A26F46-841D-4B70-AC95-A48BE42CC975}.Debug|Any CPU.Build.0 = Debug|Any CPU
		{A2A26F46-841D-4B70-AC95-A48BE42CC975}.Release|Any CPU.ActiveCfg = Release|Any CPU
		{A2A26F46-841D-4B70-AC95-A48BE42CC975}.Release|Any CPU.Build.0 = Release|Any CPU
	EndGlobalSection
	GlobalSection(SolutionProperties) = preSolution
		HideSolutionNode = FALSE
	EndGlobalSection
	GlobalSection(ExtensibilityGlobals) = postSolution
		SolutionGuid = {57FB66FF-EB70-475B-AAC4-185AB1E6E90A}
	EndGlobalSection
EndGlobal
